
Microsoft Visual Studio Solution File, Format Version 12.00
# Visual Studio Version 17
VisualStudioVersion = 17.1.32228.430
MinimumVisualStudioVersion = 10.0.40219.1
Project("{9A19103F-16F7-4668-BE54-9A1E7A4F7556}") = "ShapeDrawer", "ShapeDrawer.csproj", "{F418D892-A365-4CCE-9C1C-50C9F270508A}"
EndProject
Global
	GlobalSection(SolutionConfigurationPlatforms) = preSolution
		Debug|Any CPU = Debug|Any CPU
		Release|Any CPU = Release|Any CPU
	EndGlobalSection
	GlobalSection(ProjectConfigurationPlatforms) = postSolution
		{F418D892-A365-4CCE-9C1C-50C9F270508A}.Debug|Any CPU.ActiveCfg = Debug|Any CPU
		{F418D892-A365-4CCE-9C1C-50C9F270508A}.Debug|Any CPU.Build.0 = Debug|Any CPU
		{F418D892-A365-4CCE-9C1C-50C9F270508A}.Release|Any CPU.ActiveCfg = Release|Any CPU
		{F418D892-A365-4CCE-9C1C-50C9F270508A}.Release|Any CPU.Build.0 = Release|Any CPU
	EndGlobalSection
	GlobalSection(SolutionProperties) = preSolution
		HideSolutionNode = FALSE
	EndGlobalSection
	GlobalSection(ExtensibilityGlobals) = postSolution
		SolutionGuid = {7F90CF6C-D5FA-41A4-AECC-1B3F48C8CFBF}
	EndGlobalSection
EndGlobal
